
Microsoft Visual Studio Solution File, Format Version 12.00
# Visual Studio Version 16
VisualStudioVersion = 16.0.32228.343
MinimumVisualStudioVersion = 10.0.40219.1
Project("{FAE04EC0-301F-11D3-BF4B-00C04F79EFBC}") = "LeerExcel", "LeerExcel.csproj", "{245CB358-60F1-49F3-AFB4-F0D05F562FE1}"
EndProject
Global
	GlobalSection(SolutionConfigurationPlatforms) = preSolution
		Debug|Any CPU = Debug|Any CPU
		Release|Any CPU = Release|Any CPU
	EndGlobalSection
	GlobalSection(ProjectConfigurationPlatforms) = postSolution
		{245CB358-60F1-49F3-AFB4-F0D05F562FE1}.Debug|Any CPU.ActiveCfg = Debug|Any CPU
		{245CB358-60F1-49F3-AFB4-F0D05F562FE1}.Debug|Any CPU.Build.0 = Debug|Any CPU
		{245CB358-60F1-49F3-AFB4-F0D05F562FE1}.Release|Any CPU.ActiveCfg = Release|Any CPU
		{245CB358-60F1-49F3-AFB4-F0D05F562FE1}.Release|Any CPU.Build.0 = Release|Any CPU
	EndGlobalSection
	GlobalSection(SolutionProperties) = preSolution
		HideSolutionNode = FALSE
	EndGlobalSection
	GlobalSection(ExtensibilityGlobals) = postSolution
		SolutionGuid = {0CD2EA5F-A372-4AA0-AE17-E864FFD585F4}
	EndGlobalSection
EndGlobal
